
Microsoft Visual Studio Solution File, Format Version 12.00
# Visual Studio Version 17
VisualStudioVersion = 17.14.36327.8 d17.14
MinimumVisualStudioVersion = 10.0.40219.1
Project("{FAE04EC0-301F-11D3-BF4B-00C04F79EFBC}") = "prjSpecialTopicWebAPI", "prjSpecialTopicWebAPI\prjSpecialTopicWebAPI.csproj", "{A9919E46-41EA-4CC4-866C-A52DF77AF65F}"
EndProject
Global
	GlobalSection(SolutionConfigurationPlatforms) = preSolution
		Debug|Any CPU = Debug|Any CPU
		Release|Any CPU = Release|Any CPU
	EndGlobalSection
	GlobalSection(ProjectConfigurationPlatforms) = postSolution
		{A9919E46-41EA-4CC4-866C-A52DF77AF65F}.Debug|Any CPU.ActiveCfg = Debug|Any CPU
		{A9919E46-41EA-4CC4-866C-A52DF77AF65F}.Debug|Any CPU.Build.0 = Debug|Any CPU
		{A9919E46-41EA-4CC4-866C-A52DF77AF65F}.Release|Any CPU.ActiveCfg = Release|Any CPU
		{A9919E46-41EA-4CC4-866C-A52DF77AF65F}.Release|Any CPU.Build.0 = Release|Any CPU
	EndGlobalSection
	GlobalSection(SolutionProperties) = preSolution
		HideSolutionNode = FALSE
	EndGlobalSection
	GlobalSection(ExtensibilityGlobals) = postSolution
		SolutionGuid = {A5F41713-BEE3-4E94-97F9-8E8649274BAD}
	EndGlobalSection
EndGlobal
